# Generated by pub
# See https://dart.dev/tools/pub/glossary#lockfile
packages:
  built_collection:
    dependency: transitive
    description:
      name: built_collection
      sha256: "376e3dd27b51ea877c28d525560790aee2e6fbb5f20e2f85d5081027d94e2100"
      url: "https://pub.dev"
    source: hosted
    version: "5.1.1"
  cancellation_token_hoc081098:
    dependency: "direct main"
    description:
      path: ".."
      relative: true
    source: path
    version: "2.0.0"
  dart_either:
    dependency: transitive
    description:
      name: dart_either
      sha256: "928895b8266ac5906eb4e2993fead563a73b17fc86eec6b40172100d56ca2507"
      url: "https://pub.dev"
    source: hosted
    version: "1.0.0"
  lints:
    dependency: "direct dev"
    description:
      name: lints
      sha256: "976c774dd944a42e83e2467f4cc670daef7eed6295b10b36ae8c85bcbf828235"
      url: "https://pub.dev"
    source: hosted
    version: "4.0.0"
  meta:
    dependency: "direct main"
    description:
      name: meta
      sha256: bdb68674043280c3428e9ec998512fb681678676b3c54e773629ffe74419f8c7
      url: "https://pub.dev"
    source: hosted
    version: "1.15.0"
  path:
    dependency: transitive
    description:
      name: path
      sha256: db9d4f58c908a4ba5953fcee2ae317c94889433e5024c27ce74a37f94267945b
      url: "https://pub.dev"
    source: hosted
    version: "1.8.2"
  rxdart:
    dependency: transitive
    description:
      name: rxdart
      sha256: "5c3004a4a8dbb94bd4bf5412a4def4acdaa12e12f269737a5751369e12d1a962"
      url: "https://pub.dev"
    source: hosted
    version: "0.28.0"
  rxdart_ext:
    dependency: "direct main"
    description:
      name: rxdart_ext
      sha256: "95df7e8b13140e2c3fdb3b943569a51f18090e82aaaf6ca6e8e6437e434a6fb0"
      url: "https://pub.dev"
    source: hosted
    version: "0.3.0"
  stack_trace:
    dependency: transitive
    description:
      name: stack_trace
      sha256: f8d9f247e2f9f90e32d1495ff32dac7e4ae34ffa7194c5ff8fcc0fd0e52df774
      url: "https://pub.dev"
    source: hosted
    version: "1.10.0"
sdks:
  dart: ">=3.1.0 <4.0.0"
